{
  "name": "example",
  "version": "1.0.0",
  "lockfileVersion": 1,
  "requires": true,
  "dependencies": {
    "@types/node": {
      "version": "12.6.8",
      "resolved": "https://repo.jingli365.com/repository/npm/@types/node/-/node-12.6.8.tgz",
      "integrity": "sha1-5Gm0v50cmDKu5JB7qKBRSUNXwSw=",
      "dev": true
    },
    "any-promise": {
      "version": "1.3.0",
      "resolved": "https://repo.jingli365.com/repository/npm/any-promise/-/any-promise-1.3.0.tgz",
      "integrity": "sha1-q8av7tzqUugJzcA3au0845Y10X8=",
      "dev": true
    },
    "arg": {
      "version": "4.1.1",
      "resolved": "https://repo.jingli365.com/repository/npm/arg/-/arg-4.1.1.tgz",
      "integrity": "sha1-SF+OfDkM5MX3glfb6oDUvhH+2kw=",
      "dev": true
    },
    "bluebird": {
      "version": "3.5.5",
      "resolved": "https://repo.jingli365.com/repository/npm/bluebird/-/bluebird-3.5.5.tgz",
      "integrity": "sha1-qNCv1zJR7/u9X+OEp31zADwXpx8=",
      "dev": true
    },
    "buffer-from": {
      "version": "1.1.1",
      "resolved": "https://repo.jingli365.com/repository/npm/buffer-from/-/buffer-from-1.1.1.tgz",
      "integrity": "sha1-MnE7wCj3XAL9txDXx7zsHyxgcO8=",
      "dev": true
    },
    "buffer-writer": {
      "version": "2.0.0",
      "resolved": "https://repo.jingli365.com/repository/npm/buffer-writer/-/buffer-writer-2.0.0.tgz",
      "integrity": "sha1-zn64Gjj3gp2wnIc/L7t5LAyY7AQ=",
      "dev": true
    },
    "cls-bluebird": {
      "version": "2.1.0",
      "resolved": "https://repo.jingli365.com/repository/npm/cls-bluebird/-/cls-bluebird-2.1.0.tgz",
      "integrity": "sha1-N+8eCAqP+1XC9BZPU28ZGeeWiu4=",
      "dev": true,
      "requires": {
        "is-bluebird": "^1.0.2",
        "shimmer": "^1.1.0"
      }
    },
    "debug": {
      "version": "4.1.1",
      "resolved": "https://repo.jingli365.com/repository/npm/debug/-/debug-4.1.1.tgz",
      "integrity": "sha1-O3ImAlUQnGtYnO4FDx1RYTlmR5E=",
      "dev": true,
      "requires": {
        "ms": "^2.1.1"
      }
    },
    "diff": {
      "version": "4.0.1",
      "resolved": "https://repo.jingli365.com/repository/npm/diff/-/diff-4.0.1.tgz",
      "integrity": "sha1-DGZ8tGfru1zqfxTxNcwtuneAqP8=",
      "dev": true
    },
    "dottie": {
      "version": "2.0.1",
      "resolved": "https://repo.jingli365.com/repository/npm/dottie/-/dottie-2.0.1.tgz",
      "integrity": "sha1-aXrZ1yAE23V00h+JJGajwoWJNlk=",
      "dev": true
    },
    "inflection": {
      "version": "1.12.0",
      "resolved": "https://repo.jingli365.com/repository/npm/inflection/-/inflection-1.12.0.tgz",
      "integrity": "sha1-ogCTVlbW9fa8TcdQLhrstwMihBY=",
      "dev": true
    },
    "is-bluebird": {
      "version": "1.0.2",
      "resolved": "https://repo.jingli365.com/repository/npm/is-bluebird/-/is-bluebird-1.0.2.tgz",
      "integrity": "sha1-CWQ5Bg9KpBGr7hkUOoTWpVNG1uI=",
      "dev": true
    },
    "lodash": {
      "version": "4.17.21",
      "resolved": "https://registry.npmjs.org/lodash/-/lodash-4.17.21.tgz",
      "integrity": "sha512-v2kDEe57lecTulaDIuNTPy3Ry4gLGJ6Z1O3vE1krgXZNrsQ+LFTGHVxVjcXPs17LhbZVGedAJv8XZ1tvj5FvSg==",
      "dev": true
    },
    "make-error": {
      "version": "1.3.5",
      "resolved": "https://repo.jingli365.com/repository/npm/make-error/-/make-error-1.3.5.tgz",
      "integrity": "sha1-7+ToH22yjK3WBccPKcgxtY73dsg=",
      "dev": true
    },
    "moment": {
      "version": "2.24.0",
      "resolved": "https://repo.jingli365.com/repository/npm/moment/-/moment-2.24.0.tgz",
      "integrity": "sha1-DQVdU/UFKqZTyfbraLtdEr9cK1s=",
      "dev": true
    },
    "moment-timezone": {
      "version": "0.5.26",
      "resolved": "https://repo.jingli365.com/repository/npm/moment-timezone/-/moment-timezone-0.5.26.tgz",
      "integrity": "sha1-wCZ8oJroRjGqPcM/Zb7b5ujg13I=",
      "dev": true,
      "requires": {
        "moment": ">= 2.9.0"
      }
    },
    "ms": {
      "version": "2.1.2",
      "resolved": "https://repo.jingli365.com/repository/npm/ms/-/ms-2.1.2.tgz",
      "integrity": "sha1-0J0fNXtEP0kzgqjrPM0YOHKuYAk=",
      "dev": true
    },
    "packet-reader": {
      "version": "1.0.0",
      "resolved": "https://repo.jingli365.com/repository/npm/packet-reader/-/packet-reader-1.0.0.tgz",
      "integrity": "sha1-kjjlSA3tq6z+H+PydxBj8WQVfXQ=",
      "dev": true
    },
    "pg": {
      "version": "7.11.0",
      "resolved": "https://repo.jingli365.com/repository/npm/pg/-/pg-7.11.0.tgz",
      "integrity": "sha1-qLmunPGRmbeVK3KVdXPQqcXmfAw=",
      "dev": true,
      "requires": {
        "buffer-writer": "2.0.0",
        "packet-reader": "1.0.0",
        "pg-connection-string": "0.1.3",
        "pg-pool": "^2.0.4",
        "pg-types": "~2.0.0",
        "pgpass": "1.x",
        "semver": "4.3.2"
      },
      "dependencies": {
        "semver": {
          "version": "4.3.2",
          "resolved": "https://repo.jingli365.com/repository/npm/semver/-/semver-4.3.2.tgz",
          "integrity": "sha1-x6BxWKgL7dBSNVt3DYLWZA+AO+c=",
          "dev": true
        }
      }
    },
    "pg-connection-string": {
      "version": "0.1.3",
      "resolved": "https://repo.jingli365.com/repository/npm/pg-connection-string/-/pg-connection-string-0.1.3.tgz",
      "integrity": "sha1-2hhHsglA5C7hSSvq9l1J2RskXfc=",
      "dev": true
    },
    "pg-int8": {
      "version": "1.0.1",
      "resolved": "https://repo.jingli365.com/repository/npm/pg-int8/-/pg-int8-1.0.1.tgz",
      "integrity": "sha1-lDvUY79bcbQXARX4D478mgwOt4w=",
      "dev": true
    },
    "pg-pool": {
      "version": "2.0.6",
      "resolved": "https://repo.jingli365.com/repository/npm/pg-pool/-/pg-pool-2.0.6.tgz",
      "integrity": "sha1-e1YaSC/rCg5Zm1i1E3/S2zrYERw=",
      "dev": true
    },
    "pg-types": {
      "version": "2.0.1",
      "resolved": "https://repo.jingli365.com/repository/npm/pg-types/-/pg-types-2.0.1.tgz",
      "integrity": "sha1-uFhaN/Kpx7OGdH5EV0eZVJ5fSTM=",
      "dev": true,
      "requires": {
        "pg-int8": "1.0.1",
        "postgres-array": "~2.0.0",
        "postgres-bytea": "~1.0.0",
        "postgres-date": "~1.0.4",
        "postgres-interval": "^1.1.0"
      }
    },
    "pgpass": {
      "version": "1.0.2",
      "resolved": "https://repo.jingli365.com/repository/npm/pgpass/-/pgpass-1.0.2.tgz",
      "integrity": "sha1-Knu0G2BltnkH6R2hsHwYR8h3swY=",
      "dev": true,
      "requires": {
        "split": "^1.0.0"
      }
    },
    "postgres-array": {
      "version": "2.0.0",
      "resolved": "https://repo.jingli365.com/repository/npm/postgres-array/-/postgres-array-2.0.0.tgz",
      "integrity": "sha1-SPj84FT7xpZxmZMpuINLdyZS2C4=",
      "dev": true
    },
    "postgres-bytea": {
      "version": "1.0.0",
      "resolved": "https://repo.jingli365.com/repository/npm/postgres-bytea/-/postgres-bytea-1.0.0.tgz",
      "integrity": "sha1-AntTPAqokOJtFy1Hz5zOzFIazTU=",
      "dev": true
    },
    "postgres-date": {
      "version": "1.0.4",
      "resolved": "https://repo.jingli365.com/repository/npm/postgres-date/-/postgres-date-1.0.4.tgz",
      "integrity": "sha1-HCco1i7xv/SavdNcH4bUvfEYpyg=",
      "dev": true
    },
    "postgres-interval": {
      "version": "1.2.0",
      "resolved": "https://repo.jingli365.com/repository/npm/postgres-interval/-/postgres-interval-1.2.0.tgz",
      "integrity": "sha1-tGDILLFYdQd4iBmgaqD//bNURpU=",
      "dev": true,
      "requires": {
        "xtend": "^4.0.0"
      }
    },
    "retry-as-promised": {
      "version": "3.2.0",
      "resolved": "https://repo.jingli365.com/repository/npm/retry-as-promised/-/retry-as-promised-3.2.0.tgz",
      "integrity": "sha1-dp9j1Ta+xHg1SdsHd8tW2t2dhUM=",
      "dev": true,
      "requires": {
        "any-promise": "^1.3.0"
      }
    },
    "semver": {
      "version": "6.2.0",
      "resolved": "https://repo.jingli365.com/repository/npm/semver/-/semver-6.2.0.tgz",
      "integrity": "sha1-TYE9lZCq+KkZJpPWyFuTRN5ZAds=",
      "dev": true
    },
    "sequelize": {
      "version": "5.10.1",
      "resolved": "https://repo.jingli365.com/repository/npm/sequelize/-/sequelize-5.10.1.tgz",
      "integrity": "sha1-rBJhT+4v1AQXxN9YXcwouizPLFc=",
      "dev": true,
      "requires": {
        "bluebird": "^3.5.0",
        "cls-bluebird": "^2.1.0",
        "debug": "^4.1.1",
        "dottie": "^2.0.0",
        "inflection": "1.12.0",
        "lodash": "^4.17.11",
        "moment": "^2.24.0",
        "moment-timezone": "^0.5.21",
        "retry-as-promised": "^3.1.0",
        "semver": "^6.1.1",
        "sequelize-pool": "^2.3.0",
        "toposort-class": "^1.0.1",
        "uuid": "^3.2.1",
        "validator": "^10.11.0",
        "wkx": "^0.4.6"
      }
    },
    "sequelize-pool": {
      "version": "2.3.0",
      "resolved": "https://repo.jingli365.com/repository/npm/sequelize-pool/-/sequelize-pool-2.3.0.tgz",
      "integrity": "sha1-ZPH+h0QigXLEdPUwYEthM75kmT0=",
      "dev": true
    },
    "shimmer": {
      "version": "1.2.1",
      "resolved": "https://repo.jingli365.com/repository/npm/shimmer/-/shimmer-1.2.1.tgz",
      "integrity": "sha1-YQhZ994ye1h+/r9QH7QxF/mv8zc=",
      "dev": true
    },
    "source-map": {
      "version": "0.6.1",
      "resolved": "https://repo.jingli365.com/repository/npm/source-map/-/source-map-0.6.1.tgz",
      "integrity": "sha1-dHIq8y6WFOnCh6jQu95IteLxomM=",
      "dev": true
    },
    "source-map-support": {
      "version": "0.5.12",
      "resolved": "https://repo.jingli365.com/repository/npm/source-map-support/-/source-map-support-0.5.12.tgz",
      "integrity": "sha1-tPOxDVGFelrwE4086AA7IBYT1Zk=",
      "dev": true,
      "requires": {
        "buffer-from": "^1.0.0",
        "source-map": "^0.6.0"
      }
    },
    "split": {
      "version": "1.0.1",
      "resolved": "https://repo.jingli365.com/repository/npm/split/-/split-1.0.1.tgz",
      "integrity": "sha1-YFvZvjA6pZ+zX5Ip++oN3snqB9k=",
      "dev": true,
      "requires": {
        "through": "2"
      }
    },
    "through": {
      "version": "2.3.8",
      "resolved": "https://repo.jingli365.com/repository/npm/through/-/through-2.3.8.tgz",
      "integrity": "sha1-DdTJ/6q8NXlgsbckEV1+Doai4fU=",
      "dev": true
    },
    "toposort-class": {
      "version": "1.0.1",
      "resolved": "https://repo.jingli365.com/repository/npm/toposort-class/-/toposort-class-1.0.1.tgz",
      "integrity": "sha1-f/0feMi+KMO6Rc1OGj9e4ZO9mYg=",
      "dev": true
    },
    "ts-node": {
      "version": "8.3.0",
      "resolved": "https://repo.jingli365.com/repository/npm/ts-node/-/ts-node-8.3.0.tgz",
      "integrity": "sha1-5AWWGEETcZJKH7XzsSWRXzJO+1c=",
      "dev": true,
      "requires": {
        "arg": "^4.1.0",
        "diff": "^4.0.1",
        "make-error": "^1.1.1",
        "source-map-support": "^0.5.6",
        "yn": "^3.0.0"
      }
    },
    "uuid": {
      "version": "3.3.2",
      "resolved": "https://repo.jingli365.com/repository/npm/uuid/-/uuid-3.3.2.tgz",
      "integrity": "sha1-G0r0lV6zB3xQHCOHL8ZROBFYcTE=",
      "dev": true
    },
    "validator": {
      "version": "10.11.0",
      "resolved": "https://repo.jingli365.com/repository/npm/validator/-/validator-10.11.0.tgz",
      "integrity": "sha1-ADEI6m6amHTTHMyeUAaFbM12sig=",
      "dev": true
    },
    "wkx": {
      "version": "0.4.7",
      "resolved": "https://repo.jingli365.com/repository/npm/wkx/-/wkx-0.4.7.tgz",
      "integrity": "sha1-ug5PnnhelcmXWFbBg08ZqVxlz7U=",
      "dev": true,
      "requires": {
        "@types/node": "*"
      }
    },
    "xtend": {
      "version": "4.0.2",
      "resolved": "https://repo.jingli365.com/repository/npm/xtend/-/xtend-4.0.2.tgz",
      "integrity": "sha1-u3J3n1+kZRhrH0OPZ0+jR/2121Q=",
      "dev": true
    },
    "yn": {
      "version": "3.1.0",
      "resolved": "https://repo.jingli365.com/repository/npm/yn/-/yn-3.1.0.tgz",
      "integrity": "sha1-/L4ttjYQNhr8xeueCskel20EYRQ=",
      "dev": true
    }
  }
}
